{
  "name": "admin-panel",
  "version": "0.1.0",
  "lockfileVersion": 3,
  "requires": true,
  "packages": {
    "": {
      "name": "admin-panel",
      "version": "0.1.0",
      "workspaces": [
        "apps/api",
        "apps/web"
      ],
      "engines": {
        "node": ">=20"
      }
    },
    "apps/api": {
      "name": "@admin-panel/api",
      "version": "0.1.0"
    },
    "apps/web": {
      "name": "@admin-panel/web",
      "version": "0.1.0"
    },
    "node_modules/@admin-panel/api": {
      "resolved": "apps/api",
      "link": true
    },
    "node_modules/@admin-panel/web": {
      "resolved": "apps/web",
      "link": true
    }
  }
}
